# THIS IS AN AUTOGENERATED FILE. DO NOT EDIT THIS FILE DIRECTLY.
# yarn lockfile v1


"@types/chrome@0.0.74":
  version "0.0.74"
  resolved "https://registry.yarnpkg.com/@types/chrome/-/chrome-0.0.74.tgz#f69827c48fcf7fecc90c96089807661749a5a5e3"
  integrity sha512-hzosS5CkQcIKCgxcsV2AzbJ36KNxG/Db2YEN/erEu7Boprg+KpMDLBQqKFmSo+JkQMGqRcicUyqCowJpuT+C6A==
  dependencies:
    "@types/filesystem" "*"

"@types/filesystem@*":
  version "0.0.29"
  resolved "https://registry.yarnpkg.com/@types/filesystem/-/filesystem-0.0.29.tgz#ee3748eb5be140dcf980c3bd35f11aec5f7a3748"
  integrity sha512-85/1KfRedmfPGsbK8YzeaQUyV1FQAvMPMTuWFQ5EkLd2w7szhNO96bk3Rh/SKmOfd9co2rCLf0Voy4o7ECBOvw==
  dependencies:
    "@types/filewriter" "*"

"@types/filewriter@*":
  version "0.0.28"
  resolved "https://registry.yarnpkg.com/@types/filewriter/-/filewriter-0.0.28.tgz#c054e8af4d9dd75db4e63abc76f885168714d4b3"
  integrity sha1-wFTor02d11205jq8dviFFocU1LM=

"@types/prop-types@*":
  version "15.7.3"
  resolved "https://registry.yarnpkg.com/@types/prop-types/-/prop-types-15.7.3.tgz#2ab0d5da2e5815f94b0b9d4b95d1e5f243ab2ca7"
  integrity sha512-KfRL3PuHmqQLOG+2tGpRO26Ctg+Cq1E01D2DMriKEATHgWLfeNDmq9e29Q9WIky0dQ3NPkd1mzYH8Lm936Z9qw==

"@types/react-native@^0.61.16":
  version "0.61.17"
  resolved "https://registry.yarnpkg.com/@types/react-native/-/react-native-0.61.17.tgz#5994af207c2339d498ebd8bd427c68074ce9e744"
  integrity sha512-12qKZz/ob56lglVRAIDgqDchcyO0g5lZtrjxCTQDNJv8HFHZMcZx78+/CjKsu3LGs6KbajkZ1+0htqiaxr5JVA==
  dependencies:
    "@types/react" "*"

"@types/react@*", "@types/react@^16.9.21":
  version "16.9.22"
  resolved "https://registry.yarnpkg.com/@types/react/-/react-16.9.22.tgz#f0288c92d94e93c4b43e3f5633edf788b2c040ae"
  integrity sha512-7OSt4EGiLvy0h5R7X+r0c7S739TCU/LvWbkNOrm10lUwNHe7XPz5OLhLOSZeCkqO9JSCly1NkYJ7ODTUqVnHJQ==
  dependencies:
    "@types/prop-types" "*"
    csstype "^2.2.0"

csstype@^2.2.0:
  version "2.6.9"
  resolved "https://registry.yarnpkg.com/csstype/-/csstype-2.6.9.tgz#05141d0cd557a56b8891394c1911c40c8a98d098"
  integrity sha512-xz39Sb4+OaTsULgUERcCk+TJj8ylkL4aSVDQiX/ksxbELSqwkgt4d4RD7fovIdgJGSuNYqwZEiVjYY5l0ask+Q==

escape-string-regexp@2.0.0:
  version "2.0.0"
  resolved "https://registry.yarnpkg.com/escape-string-regexp/-/escape-string-regexp-2.0.0.tgz#a30304e99daa32e23b2fd20f51babd07cffca344"
  integrity sha512-UpzcLCXolUWcNu5HtVMHYdXJjArjsF9C0aNnquZYY4uW/Vu0miy5YoWvbV345HauVvcAUnpRuhMMcqTcGOY2+w==

invariant@2.2.4:
  version "2.2.4"
  resolved "https://registry.yarnpkg.com/invariant/-/invariant-2.2.4.tgz#610f3c92c9359ce1db616e538008d23ff35158e6"
  integrity sha512-phJfQVBuaJM5raOpJjSfkiD6BpbCE4Ns//LaXl6wGYtUBY83nWS6Rf9tXm2e8VaK60JEjYldbPif/A2B1C2gNA==
  dependencies:
    loose-envify "^1.0.0"

"js-tokens@^3.0.0 || ^4.0.0":
  version "4.0.0"
  resolved "https://registry.yarnpkg.com/js-tokens/-/js-tokens-4.0.0.tgz#19203fb59991df98e3a287050d4647cdeaf32499"
  integrity sha512-RdJUflcE3cUzKiMqQgsCu06FPu9UdIJO0beYbPhHN4k6apgJtifcoCtT9bcxOpYBtpD2kCM6Sbzg4CausW/PKQ==

loose-envify@^1.0.0:
  version "1.4.0"
  resolved "https://registry.yarnpkg.com/loose-envify/-/loose-envify-1.4.0.tgz#71ee51fa7be4caec1a63839f7e682d8132d30caf"
  integrity sha512-lyuxPGr/Wfhrlem2CL/UcnUc1zcqKAImBDzukY7Y5F/yQiNdko6+fRLevlw1HgMySw7f611UIY408EtxRSoK3Q==
  dependencies:
    js-tokens "^3.0.0 || ^4.0.0"

react-native-webview@^11.0.0:
  version "11.0.0"
  resolved "https://registry.yarnpkg.com/react-native-webview/-/react-native-webview-11.0.0.tgz#d667cbcc772e963fe88a4156290d25fe47ed43b0"
  integrity sha512-gzID5ebCFVNkxreuabClymo6QkJbXCLEtiIUY9QAhxY58HsDUp8x0YzDVEROYyEJ4ghL71koAOeQRDNAgNnh1w==
  dependencies:
    escape-string-regexp "2.0.0"
    invariant "2.2.4"

typescript@^3.7.5:
  version "3.8.2"
  resolved "https://registry.yarnpkg.com/typescript/-/typescript-3.8.2.tgz#91d6868aaead7da74f493c553aeff76c0c0b1d5a"
  integrity sha512-EgOVgL/4xfVrCMbhYKUQTdF37SQn4Iw73H5BgCrF1Abdun7Kwy/QZsE/ssAy0y4LxBbvua3PIbFsbRczWWnDdQ==

webln@^0.2.2:
  version "0.2.2"
  resolved "https://registry.yarnpkg.com/webln/-/webln-0.2.2.tgz#f7db18548639c96dca04b0b3a2369f1b06cc123e"
  integrity sha512-U/fKQNb0E/lld8U4QFAquH/qaBUpqsn64PoiwCcHbz9c8ENKzFk60XNOnlWtNuEqBX33BcP+03GI029FRDfGqA==
  dependencies:
    "@types/chrome" "0.0.74"
